
Microsoft Visual Studio Solution File, Format Version 12.00
# Visual Studio Version 17
VisualStudioVersion = 17.2.32519.379
MinimumVisualStudioVersion = 10.0.40219.1
Project("{9A19103F-16F7-4668-BE54-9A1E7A4F7556}") = "Encryptor with GUI", "Encryptor with GUI.csproj", "{FD462E5C-62D9-41EC-A65B-2CE83D702197}"
EndProject
Project("{9A19103F-16F7-4668-BE54-9A1E7A4F7556}") = "Encryptor with GUITests", "..\Encryptor with GUITests\Encryptor with GUITests.csproj", "{428DE1D8-5614-45FD-9C18-B7155C2F91C2}"
EndProject
Global
	GlobalSection(SolutionConfigurationPlatforms) = preSolution
		Debug|Any CPU = Debug|Any CPU
		Release|Any CPU = Release|Any CPU
	EndGlobalSection
	GlobalSection(ProjectConfigurationPlatforms) = postSolution
		{FD462E5C-62D9-41EC-A65B-2CE83D702197}.Debug|Any CPU.ActiveCfg = Debug|Any CPU
		{FD462E5C-62D9-41EC-A65B-2CE83D702197}.Debug|Any CPU.Build.0 = Debug|Any CPU
		{FD462E5C-62D9-41EC-A65B-2CE83D702197}.Release|Any CPU.ActiveCfg = Release|Any CPU
		{FD462E5C-62D9-41EC-A65B-2CE83D702197}.Release|Any CPU.Build.0 = Release|Any CPU
		{428DE1D8-5614-45FD-9C18-B7155C2F91C2}.Debug|Any CPU.ActiveCfg = Debug|Any CPU
		{428DE1D8-5614-45FD-9C18-B7155C2F91C2}.Debug|Any CPU.Build.0 = Debug|Any CPU
		{428DE1D8-5614-45FD-9C18-B7155C2F91C2}.Release|Any CPU.ActiveCfg = Release|Any CPU
		{428DE1D8-5614-45FD-9C18-B7155C2F91C2}.Release|Any CPU.Build.0 = Release|Any CPU
	EndGlobalSection
	GlobalSection(SolutionProperties) = preSolution
		HideSolutionNode = FALSE
	EndGlobalSection
	GlobalSection(ExtensibilityGlobals) = postSolution
		SolutionGuid = {0CB3C5C4-7D19-40A1-BBCC-D0868B49F4CC}
	EndGlobalSection
EndGlobal
